// !$*UTF8*$!
{
	archiveVersion = 1;
	classes = {
	};
	objectVersion = 50;
	objects = {

/* Begin PBXBuildFile section */
		B79D3EBE26514BB000AC9D52 /* Scrollable_Top_Tab_BarApp.swift in Sources */ = {isa = PBXBuildFile; fileRef = B79D3EBD26514BB000AC9D52 /* Scrollable_Top_Tab_BarApp.swift */; };
		B79D3EC026514BB000AC9D52 /* ContentView.swift in Sources */ = {isa = PBXBuildFile; fileRef = B79D3EBF26514BB000AC9D52 /* ContentView.swift */; };
		B79D3EC226514BB300AC9D52 /* Assets.xcassets in Resources */ = {isa = PBXBuildFile; fileRef = B79D3EC126514BB300AC9D52 /* Assets.xcassets */; };
		B79D3EC526514BB300AC9D52 /* Preview Assets.xcassets in Resources */ = {isa = PBXBuildFile; fileRef = B79D3EC426514BB300AC9D52 /* Preview Assets.xcassets */; };
		B79D3ECD26514BC100AC9D52 /* TabBarView.swift in Sources */ = {isa = PBXBuildFile; fileRef = B79D3ECC26514BC100AC9D52 /* TabBarView.swift */; };
/* End PBXBuildFile section */

/* Begin PBXFileReference section */
		B79D3EBA26514BB000AC9D52 /* Scrollable Top Tab Bar.app */ = {isa = PBXFileReference; explicitFileType = wrapper.application; includeInIndex = 0; path = "Scrollable Top Tab Bar.app"; sourceTree = BUILT_PRODUCTS_DIR; };
		B79D3EBD26514BB000AC9D52 /* Scrollable_Top_Tab_BarApp.swift */ = {isa = PBXFileReference; lastKnownFileType = sourcecode.swift; path = Scrollable_Top_Tab_BarApp.swift; sourceTree = "<group>"; };
		B79D3EBF26514BB000AC9D52 /* ContentView.swift */ = {isa = PBXFileReference; lastKnownFileType = sourcecode.swift; path = ContentView.swift; sourceTree = "<group>"; };
		B79D3EC126514BB300AC9D52 /* Assets.xcassets */ = {isa = PBXFileReference; lastKnownFileType = folder.assetcatalog; path = Assets.xcassets; sourceTree = "<group>"; };
		B79D3EC426514BB300AC9D52 /* Preview Assets.xcassets */ = {isa = PBXFileReference; lastKnownFileType = folder.assetcatalog; path = "Preview Assets.xcassets"; sourceTree = "<group>"; };
		B79D3EC626514BB300AC9D52 /* Info.plist */ = {isa = PBXFileReference; lastKnownFileType = text.plist.xml; path = Info.plist; sourceTree = "<group>"; };
		B79D3ECC26514BC100AC9D52 /* TabBarView.swift */ = {isa = PBXFileReference; fileEncoding = 4; lastKnownFileType = sourcecode.swift; path = TabBarView.swift; sourceTree = "<group>"; };
/* End PBXFileReference section */

/* Begin PBXFrameworksBuildPhase section */
		B79D3EB726514BB000AC9D52 /* Frameworks */ = {
			isa = PBXFrameworksBuildPhase;
			buildActionMask = 2147483647;
			files = (
			);
			runOnlyForDeploymentPostprocessing = 0;
		};
/* End PBXFrameworksBuildPhase section */

/* Begin PBXGroup section */
		B79D3EB126514BB000AC9D52 = {
			isa = PBXGroup;
			children = (
				B79D3EBC26514BB000AC9D52 /* Scrollable Top Tab Bar */,
				B79D3EBB26514BB000AC9D52 /* Products */,
			);
			sourceTree = "<group>";
		};
		B79D3EBB26514BB000AC9D52 /* Products */ = {
			isa = PBXGroup;
			children = (
				B79D3EBA26514BB000AC9D52 /* Scrollable Top Tab Bar.app */,
			);
			name = Products;
			sourceTree = "<group>";
		};
		B79D3EBC26514BB000AC9D52 /* Scrollable Top Tab Bar */ = {
			isa = PBXGroup;
			children = (
				B79D3EBD26514BB000AC9D52 /* Scrollable_Top_Tab_BarApp.swift */,
				B79D3EBF26514BB000AC9D52 /* ContentView.swift */,
				B79D3ECC26514BC100AC9D52 /* TabBarView.swift */,
				B79D3EC126514BB300AC9D52 /* Assets.xcassets */,
				B79D3EC626514BB300AC9D52 /* Info.plist */,
				B79D3EC326514BB300AC9D52 /* Preview Content */,
			);
			path = "Scrollable Top Tab Bar";
			sourceTree = "<group>";
		};
		B79D3EC326514BB300AC9D52 /* Preview Content */ = {
			isa = PBXGroup;
			children = (
				B79D3EC426514BB300AC9D52 /* Preview Assets.xcassets */,
			);
			path = "Preview Content";
			sourceTree = "<group>";
		};
/* End PBXGroup section */

/* Begin PBXNativeTarget section */
		B79D3EB926514BB000AC9D52 /* Scrollable Top Tab Bar */ = {
			isa = PBXNativeTarget;
			buildConfigurationList = B79D3EC926514BB300AC9D52 /* Build configuration list for PBXNativeTarget "Scrollable Top Tab Bar" */;
			buildPhases = (
				B79D3EB626514BB000AC9D52 /* Sources */,
				B79D3EB726514BB000AC9D52 /* Frameworks */,
				B79D3EB826514BB000AC9D52 /* Resources */,
			);
			buildRules = (
			);
			dependencies = (
			);
			name = "Scrollable Top Tab Bar";
			productName = "Scrollable Top Tab Bar";
			productReference = B79D3EBA26514BB000AC9D52 /* Scrollable Top Tab Bar.app */;
			productType = "com.apple.product-type.application";
		};
/* End PBXNativeTarget section */

/* Begin PBXProject section */
		B79D3EB226514BB000AC9D52 /* Project object */ = {
			isa = PBXProject;
			attributes = {
				LastSwiftUpdateCheck = 1250;
				LastUpgradeCheck = 1250;
				TargetAttributes = {
					B79D3EB926514BB000AC9D52 = {
						CreatedOnToolsVersion = 12.5;
					};
				};
			};
			buildConfigurationList = B79D3EB526514BB000AC9D52 /* Build configuration list for PBXProject "Scrollable Top Tab Bar" */;
			compatibilityVersion = "Xcode 9.3";
			developmentRegion = en;
			hasScannedForEncodings = 0;
			knownRegions = (
				en,
				Base,
			);
			mainGroup = B79D3EB126514BB000AC9D52;
			productRefGroup = B79D3EBB26514BB000AC9D52 /* Products */;
			projectDirPath = "";
			projectRoot = "";
			targets = (
				B79D3EB926514BB000AC9D52 /* Scrollable Top Tab Bar */,
			);
		};
/* End PBXProject section */

/* Begin PBXResourcesBuildPhase section */
		B79D3EB826514BB000AC9D52 /* Resources */ = {
			isa = PBXResourcesBuildPhase;
			buildActionMask = 2147483647;
			files = (
				B79D3EC526514BB300AC9D52 /* Preview Assets.xcassets in Resources */,
				B79D3EC226514BB300AC9D52 /* Assets.xcassets in Resources */,
			);
			runOnlyForDeploymentPostprocessing = 0;
		};
/* End PBXResourcesBuildPhase section */

/* Begin PBXSourcesBuildPhase section */
		B79D3EB626514BB000AC9D52 /* Sources */ = {
			isa = PBXSourcesBuildPhase;
			buildActionMask = 2147483647;
			files = (
				B79D3EC026514BB000AC9D52 /* ContentView.swift in Sources */,
				B79D3ECD26514BC100AC9D52 /* TabBarView.swift in Sources */,
				B79D3EBE26514BB000AC9D52 /* Scrollable_Top_Tab_BarApp.swift in Sources */,
			);
			runOnlyForDeploymentPostprocessing = 0;
		};
/* End PBXSourcesBuildPhase section */

/* Begin XCBuildConfiguration section */
		B79D3EC726514BB300AC9D52 /* Debug */ = {
			isa = XCBuildConfiguration;
			buildSettings = {
				ALWAYS_SEARCH_USER_PATHS = NO;
				CLANG_ANALYZER_NONNULL = YES;
				CLANG_ANALYZER_NUMBER_OBJECT_CONVERSION = YES_AGGRESSIVE;
				CLANG_CXX_LANGUAGE_STANDARD = "gnu++14";
				CLANG_CXX_LIBRARY = "libc++";
				CLANG_ENABLE_MODULES = YES;
				CLANG_ENABLE_OBJC_ARC = YES;
				CLANG_ENABLE_OBJC_WEAK = YES;
				CLANG_WARN_BLOCK_CAPTURE_AUTORELEASING = YES;
				CLANG_WARN_BOOL_CONVERSION = YES;
				CLANG_WARN_COMMA = YES;
				CLANG_WARN_CONSTANT_CONVERSION = YES;
				CLANG_WARN_DEPRECATED_OBJC_IMPLEMENTATIONS = YES;
				CLANG_WARN_DIRECT_OBJC_ISA_USAGE = YES_ERROR;
				CLANG_WARN_DOCUMENTATION_COMMENTS = YES;
				CLANG_WARN_EMPTY_BODY = YES;
				CLANG_WARN_ENUM_CONVERSION = YES;
				CLANG_WARN_INFINITE_RECURSION = YES;
				CLANG_WARN_INT_CONVERSION = YES;
				CLANG_WARN_NON_LITERAL_NULL_CONVERSION = YES;
				CLANG_WARN_OBJC_IMPLICIT_RETAIN_SELF = YES;
				CLANG_WARN_OBJC_LITERAL_CONVERSION = YES;
				CLANG_WARN_OBJC_ROOT_CLASS = YES_ERROR;
				CLANG_WARN_QUOTED_INCLUDE_IN_FRAMEWORK_HEADER = YES;
				CLANG_WARN_RANGE_LOOP_ANALYSIS = YES;
				CLANG_WARN_STRICT_PROTOTYPES = YES;
				CLANG_WARN_SUSPICIOUS_MOVE = YES;
				CLANG_WARN_UNGUARDED_AVAILABILITY = YES_AGGRESSIVE;
				CLANG_WARN_UNREACHABLE_CODE = YES;
				CLANG_WARN__DUPLICATE_METHOD_MATCH = YES;
				COPY_PHASE_STRIP = NO;
				DEBUG_INFORMATION_FORMAT = dwarf;
				ENABLE_STRICT_OBJC_MSGSEND = YES;
				ENABLE_TESTABILITY = YES;
				GCC_C_LANGUAGE_STANDARD = gnu11;
				GCC_DYNAMIC_NO_PIC = NO;
				GCC_NO_COMMON_BLOCKS = YES;
				GCC_OPTIMIZATION_LEVEL = 0;
				GCC_PREPROCESSOR_DEFINITIONS = (
					"DEBUG=1",
					"$(inherited)",
				);
				GCC_WARN_64_TO_32_BIT_CONVERSION = YES;
				GCC_WARN_ABOUT_RETURN_TYPE = YES_ERROR;
				GCC_WARN_UNDECLARED_SELECTOR = YES;
				GCC_WARN_UNINITIALIZED_AUTOS = YES_AGGRESSIVE;
				GCC_WARN_UNUSED_FUNCTION = YES;
				GCC_WARN_UNUSED_VARIABLE = YES;
				IPHONEOS_DEPLOYMENT_TARGET = 14.5;
				MTL_ENABLE_DEBUG_INFO = INCLUDE_SOURCE;
				MTL_FAST_MATH = YES;
				ONLY_ACTIVE_ARCH = YES;
				SDKROOT = iphoneos;
				SWIFT_ACTIVE_COMPILATION_CONDITIONS = DEBUG;
				SWIFT_OPTIMIZATION_LEVEL = "-Onone";
			};
			name = Debug;
		};
		B79D3EC826514BB300AC9D52 /* Release */ = {
			isa = XCBuildConfiguration;
			buildSettings = {
				ALWAYS_SEARCH_USER_PATHS = NO;
				CLANG_ANALYZER_NONNULL = YES;
				CLANG_ANALYZER_NUMBER_OBJECT_CONVERSION = YES_AGGRESSIVE;
				CLANG_CXX_LANGUAGE_STANDARD = "gnu++14";
				CLANG_CXX_LIBRARY = "libc++";
				CLANG_ENABLE_MODULES = YES;
				CLANG_ENABLE_OBJC_ARC = YES;
				CLANG_ENABLE_OBJC_WEAK = YES;
				CLANG_WARN_BLOCK_CAPTURE_AUTORELEASING = YES;
				CLANG_WARN_BOOL_CONVERSION = YES;
				CLANG_WARN_COMMA = YES;
				CLANG_WARN_CONSTANT_CONVERSION = YES;
				CLANG_WARN_DEPRECATED_OBJC_IMPLEMENTATIONS = YES;
				CLANG_WARN_DIRECT_OBJC_ISA_USAGE = YES_ERROR;
				CLANG_WARN_DOCUMENTATION_COMMENTS = YES;
				CLANG_WARN_EMPTY_BODY = YES;
				CLANG_WARN_ENUM_CONVERSION = YES;
				CLANG_WARN_INFINITE_RECURSION = YES;
				CLANG_WARN_INT_CONVERSION = YES;
				CLANG_WARN_NON_LITERAL_NULL_CONVERSION = YES;
				CLANG_WARN_OBJC_IMPLICIT_RETAIN_SELF = YES;
				CLANG_WARN_OBJC_LITERAL_CONVERSION = YES;
				CLANG_WARN_OBJC_ROOT_CLASS = YES_ERROR;
				CLANG_WARN_QUOTED_INCLUDE_IN_FRAMEWORK_HEADER = YES;
				CLANG_WARN_RANGE_LOOP_ANALYSIS = YES;
				CLANG_WARN_STRICT_PROTOTYPES = YES;
				CLANG_WARN_SUSPICIOUS_MOVE = YES;
				CLANG_WARN_UNGUARDED_AVAILABILITY = YES_AGGRESSIVE;
				CLANG_WARN_UNREACHABLE_CODE = YES;
				CLANG_WARN__DUPLICATE_METHOD_MATCH = YES;
				COPY_PHASE_STRIP = NO;
				DEBUG_INFORMATION_FORMAT = "dwarf-with-dsym";
				ENABLE_NS_ASSERTIONS = NO;
				ENABLE_STRICT_OBJC_MSGSEND = YES;
				GCC_C_LANGUAGE_STANDARD = gnu11;
				GCC_NO_COMMON_BLOCKS = YES;
				GCC_WARN_64_TO_32_BIT_CONVERSION = YES;
				GCC_WARN_ABOUT_RETURN_TYPE = YES_ERROR;
				GCC_WARN_UNDECLARED_SELECTOR = YES;
				GCC_WARN_UNINITIALIZED_AUTOS = YES_AGGRESSIVE;
				GCC_WARN_UNUSED_FUNCTION = YES;
				GCC_WARN_UNUSED_VARIABLE = YES;
				IPHONEOS_DEPLOYMENT_TARGET = 14.5;
				MTL_ENABLE_DEBUG_INFO = NO;
				MTL_FAST_MATH = YES;
				SDKROOT = iphoneos;
				SWIFT_COMPILATION_MODE = wholemodule;
				SWIFT_OPTIMIZATION_LEVEL = "-O";
				VALIDATE_PRODUCT = YES;
			};
			name = Release;
		};
		B79D3ECA26514BB300AC9D52 /* Debug */ = {
			isa = XCBuildConfiguration;
			buildSettings = {
				ASSETCATALOG_COMPILER_APPICON_NAME = AppIcon;
				ASSETCATALOG_COMPILER_GLOBAL_ACCENT_COLOR_NAME = AccentColor;
				CODE_SIGN_STYLE = Automatic;
				DEVELOPMENT_ASSET_PATHS = "\"Scrollable Top Tab Bar/Preview Content\"";
				DEVELOPMENT_TEAM = DF795GCXNS;
				ENABLE_PREVIEWS = YES;
				INFOPLIST_FILE = "Scrollable Top Tab Bar/Info.plist";
				IPHONEOS_DEPLOYMENT_TARGET = 14.0;
				LD_RUNPATH_SEARCH_PATHS = (
					"$(inherited)",
					"@executable_path/Frameworks",
				);
				PRODUCT_BUNDLE_IDENTIFIER = "archie.Scrollable-Top-Tab-Bar";
				PRODUCT_NAME = "$(TARGET_NAME)";
				SWIFT_VERSION = 5.0;
				TARGETED_DEVICE_FAMILY = "1,2";
			};
			name = Debug;
		};
		B79D3ECB26514BB300AC9D52 /* Release */ = {
			isa = XCBuildConfiguration;
			buildSettings = {
				ASSETCATALOG_COMPILER_APPICON_NAME = AppIcon;
				ASSETCATALOG_COMPILER_GLOBAL_ACCENT_COLOR_NAME = AccentColor;
				CODE_SIGN_STYLE = Automatic;
				DEVELOPMENT_ASSET_PATHS = "\"Scrollable Top Tab Bar/Preview Content\"";
				DEVELOPMENT_TEAM = DF795GCXNS;
				ENABLE_PREVIEWS = YES;
				INFOPLIST_FILE = "Scrollable Top Tab Bar/Info.plist";
				IPHONEOS_DEPLOYMENT_TARGET = 14.0;
				LD_RUNPATH_SEARCH_PATHS = (
					"$(inherited)",
					"@executable_path/Frameworks",
				);
				PRODUCT_BUNDLE_IDENTIFIER = "archie.Scrollable-Top-Tab-Bar";
				PRODUCT_NAME = "$(TARGET_NAME)";
				SWIFT_VERSION = 5.0;
				TARGETED_DEVICE_FAMILY = "1,2";
			};
			name = Release;
		};
/* End XCBuildConfiguration section */

/* Begin XCConfigurationList section */
		B79D3EB526514BB000AC9D52 /* Build configuration list for PBXProject "Scrollable Top Tab Bar" */ = {
			isa = XCConfigurationList;
			buildConfigurations = (
				B79D3EC726514BB300AC9D52 /* Debug */,
				B79D3EC826514BB300AC9D52 /* Release */,
			);
			defaultConfigurationIsVisible = 0;
			defaultConfigurationName = Release;
		};
		B79D3EC926514BB300AC9D52 /* Build configuration list for PBXNativeTarget "Scrollable Top Tab Bar" */ = {
			isa = XCConfigurationList;
			buildConfigurations = (
				B79D3ECA26514BB300AC9D52 /* Debug */,
				B79D3ECB26514BB300AC9D52 /* Release */,
			);
			defaultConfigurationIsVisible = 0;
			defaultConfigurationName = Release;
		};
/* End XCConfigurationList section */
	};
	rootObject = B79D3EB226514BB000AC9D52 /* Project object */;
}
